
Microsoft Visual Studio Solution File, Format Version 12.00
# Visual Studio Version 16
VisualStudioVersion = 16.0.29806.167
MinimumVisualStudioVersion = 10.0.40219.1
Project("{8BC9CEB8-8B4A-11D0-8D11-00A0C91BC942}") = "Labs", "Labs\Labs.vcxproj", "{7EBD7440-C6B6-40AB-9292-E8D851928475}"
EndProject
Project("{8BC9CEB8-8B4A-11D0-8D11-00A0C91BC942}") = "SetLab", "SetLab\SetLab.vcxproj", "{A45A3969-ACA6-4A9B-80CE-86031E574F03}"
EndProject
Project("{8BC9CEB8-8B4A-11D0-8D11-00A0C91BC942}") = "YP_assembly", "YP_assembly\YP_assembly.vcxproj", "{5909B4F6-410B-4CB6-873E-531DE32B90CF}"
EndProject
Project("{8BC9CEB8-8B4A-11D0-8D11-00A0C91BC942}") = "lesson_04_03_2020", "lesson_04_03_2020\lesson_04_03_2020.vcxproj", "{A15CE08B-22A2-4AFE-802E-9CD5EC9A1981}"
EndProject
Project("{8BC9CEB8-8B4A-11D0-8D11-00A0C91BC942}") = "lab_graph", "lab_graph\lab_graph.vcxproj", "{07EA3627-16DE-442F-9E43-1FCA7AA4040E}"
EndProject
Project("{8BC9CEB8-8B4A-11D0-8D11-00A0C91BC942}") = "lab_templates_2", "lab_templates_2\lab_templates_2.vcxproj", "{1BC9A6B2-7A5A-4D96-BECB-5DB43D4DBF84}"
EndProject
Project("{8BC9CEB8-8B4A-11D0-8D11-00A0C91BC942}") = "yp_assebly_2", "yp_assebly_2\yp_assebly_2.vcxproj", "{5119E56C-3282-4D48-8FF1-779DBF389228}"
EndProject
Global
	GlobalSection(SolutionConfigurationPlatforms) = preSolution
		Debug|x64 = Debug|x64
		Debug|x86 = Debug|x86
		Release|x64 = Release|x64
		Release|x86 = Release|x86
	EndGlobalSection
	GlobalSection(ProjectConfigurationPlatforms) = postSolution
		{7EBD7440-C6B6-40AB-9292-E8D851928475}.Debug|x64.ActiveCfg = Debug|x64
		{7EBD7440-C6B6-40AB-9292-E8D851928475}.Debug|x64.Build.0 = Debug|x64
		{7EBD7440-C6B6-40AB-9292-E8D851928475}.Debug|x86.ActiveCfg = Debug|Win32
		{7EBD7440-C6B6-40AB-9292-E8D851928475}.Debug|x86.Build.0 = Debug|Win32
		{7EBD7440-C6B6-40AB-9292-E8D851928475}.Release|x64.ActiveCfg = Release|x64
		{7EBD7440-C6B6-40AB-9292-E8D851928475}.Release|x64.Build.0 = Release|x64
		{7EBD7440-C6B6-40AB-9292-E8D851928475}.Release|x86.ActiveCfg = Release|Win32
		{7EBD7440-C6B6-40AB-9292-E8D851928475}.Release|x86.Build.0 = Release|Win32
		{A45A3969-ACA6-4A9B-80CE-86031E574F03}.Debug|x64.ActiveCfg = Debug|x64
		{A45A3969-ACA6-4A9B-80CE-86031E574F03}.Debug|x64.Build.0 = Debug|x64
		{A45A3969-ACA6-4A9B-80CE-86031E574F03}.Debug|x86.ActiveCfg = Debug|Win32
		{A45A3969-ACA6-4A9B-80CE-86031E574F03}.Debug|x86.Build.0 = Debug|Win32
		{A45A3969-ACA6-4A9B-80CE-86031E574F03}.Release|x64.ActiveCfg = Release|x64
		{A45A3969-ACA6-4A9B-80CE-86031E574F03}.Release|x64.Build.0 = Release|x64
		{A45A3969-ACA6-4A9B-80CE-86031E574F03}.Release|x86.ActiveCfg = Release|Win32
		{A45A3969-ACA6-4A9B-80CE-86031E574F03}.Release|x86.Build.0 = Release|Win32
		{5909B4F6-410B-4CB6-873E-531DE32B90CF}.Debug|x64.ActiveCfg = Debug|x64
		{5909B4F6-410B-4CB6-873E-531DE32B90CF}.Debug|x64.Build.0 = Debug|x64
		{5909B4F6-410B-4CB6-873E-531DE32B90CF}.Debug|x86.ActiveCfg = Debug|Win32
		{5909B4F6-410B-4CB6-873E-531DE32B90CF}.Debug|x86.Build.0 = Debug|Win32
		{5909B4F6-410B-4CB6-873E-531DE32B90CF}.Release|x64.ActiveCfg = Release|x64
		{5909B4F6-410B-4CB6-873E-531DE32B90CF}.Release|x64.Build.0 = Release|x64
		{5909B4F6-410B-4CB6-873E-531DE32B90CF}.Release|x86.ActiveCfg = Release|Win32
		{5909B4F6-410B-4CB6-873E-531DE32B90CF}.Release|x86.Build.0 = Release|Win32
		{A15CE08B-22A2-4AFE-802E-9CD5EC9A1981}.Debug|x64.ActiveCfg = Debug|x64
		{A15CE08B-22A2-4AFE-802E-9CD5EC9A1981}.Debug|x64.Build.0 = Debug|x64
		{A15CE08B-22A2-4AFE-802E-9CD5EC9A1981}.Debug|x86.ActiveCfg = Debug|Win32
		{A15CE08B-22A2-4AFE-802E-9CD5EC9A1981}.Debug|x86.Build.0 = Debug|Win32
		{A15CE08B-22A2-4AFE-802E-9CD5EC9A1981}.Release|x64.ActiveCfg = Release|x64
		{A15CE08B-22A2-4AFE-802E-9CD5EC9A1981}.Release|x64.Build.0 = Release|x64
		{A15CE08B-22A2-4AFE-802E-9CD5EC9A1981}.Release|x86.ActiveCfg = Release|Win32
		{A15CE08B-22A2-4AFE-802E-9CD5EC9A1981}.Release|x86.Build.0 = Release|Win32
		{07EA3627-16DE-442F-9E43-1FCA7AA4040E}.Debug|x64.ActiveCfg = Debug|x64
		{07EA3627-16DE-442F-9E43-1FCA7AA4040E}.Debug|x64.Build.0 = Debug|x64
		{07EA3627-16DE-442F-9E43-1FCA7AA4040E}.Debug|x86.ActiveCfg = Debug|Win32
		{07EA3627-16DE-442F-9E43-1FCA7AA4040E}.Debug|x86.Build.0 = Debug|Win32
		{07EA3627-16DE-442F-9E43-1FCA7AA4040E}.Release|x64.ActiveCfg = Release|x64
		{07EA3627-16DE-442F-9E43-1FCA7AA4040E}.Release|x64.Build.0 = Release|x64
		{07EA3627-16DE-442F-9E43-1FCA7AA4040E}.Release|x86.ActiveCfg = Release|Win32
		{07EA3627-16DE-442F-9E43-1FCA7AA4040E}.Release|x86.Build.0 = Release|Win32
		{1BC9A6B2-7A5A-4D96-BECB-5DB43D4DBF84}.Debug|x64.ActiveCfg = Debug|x64
		{1BC9A6B2-7A5A-4D96-BECB-5DB43D4DBF84}.Debug|x64.Build.0 = Debug|x64
		{1BC9A6B2-7A5A-4D96-BECB-5DB43D4DBF84}.Debug|x86.ActiveCfg = Debug|Win32
		{1BC9A6B2-7A5A-4D96-BECB-5DB43D4DBF84}.Debug|x86.Build.0 = Debug|Win32
		{1BC9A6B2-7A5A-4D96-BECB-5DB43D4DBF84}.Release|x64.ActiveCfg = Release|x64
		{1BC9A6B2-7A5A-4D96-BECB-5DB43D4DBF84}.Release|x64.Build.0 = Release|x64
		{1BC9A6B2-7A5A-4D96-BECB-5DB43D4DBF84}.Release|x86.ActiveCfg = Release|Win32
		{1BC9A6B2-7A5A-4D96-BECB-5DB43D4DBF84}.Release|x86.Build.0 = Release|Win32
		{5119E56C-3282-4D48-8FF1-779DBF389228}.Debug|x64.ActiveCfg = Debug|x64
		{5119E56C-3282-4D48-8FF1-779DBF389228}.Debug|x64.Build.0 = Debug|x64
		{5119E56C-3282-4D48-8FF1-779DBF389228}.Debug|x86.ActiveCfg = Debug|Win32
		{5119E56C-3282-4D48-8FF1-779DBF389228}.Debug|x86.Build.0 = Debug|Win32
		{5119E56C-3282-4D48-8FF1-779DBF389228}.Release|x64.ActiveCfg = Release|x64
		{5119E56C-3282-4D48-8FF1-779DBF389228}.Release|x64.Build.0 = Release|x64
		{5119E56C-3282-4D48-8FF1-779DBF389228}.Release|x86.ActiveCfg = Release|Win32
		{5119E56C-3282-4D48-8FF1-779DBF389228}.Release|x86.Build.0 = Release|Win32
	EndGlobalSection
	GlobalSection(SolutionProperties) = preSolution
		HideSolutionNode = FALSE
	EndGlobalSection
	GlobalSection(ExtensibilityGlobals) = postSolution
		SolutionGuid = {E967925F-6D03-48AC-BCC2-D40E3AB7B54E}
	EndGlobalSection
EndGlobal
